<?xml version="1.0" encoding="utf-8"?>
<Project ToolsVersion="4.0" xmlns="http://schemas.microsoft.com/developer/msbuild/2003">
  <ItemGroup>
    <Filter Include="5. Config %28RenderSystem%29">
      <UniqueIdentifier>{35c9a086-c3d3-45e7-b135-5aad6080a9fc}</UniqueIdentifier>
    </Filter>
    <Filter Include="4. Plugin  %28RenderSystem%29">
      <UniqueIdentifier>{68fbb516-0c9c-4b63-9c48-5dcce879bc67}</UniqueIdentifier>
    </Filter>
    <Filter Include="3. Stdafx / Resources %28RenderSystem%29">
      <UniqueIdentifier>{bcde9587-07bf-451b-b95e-a0ed0c48b9b9}</UniqueIdentifier>
    </Filter>
    <Filter Include="2. Shader Codes %28%28RenderSystem%29">
      <UniqueIdentifier>{6a2b7768-24ad-4dab-bf8f-6321859191ff}</UniqueIdentifier>
    </Filter>
    <Filter Include="1. Source Codes %28RenderSystem%29">
      <UniqueIdentifier>{0bc0160d-f971-45af-9b16-d3b811b6f2ef}</UniqueIdentifier>
    </Filter>
  </ItemGroup>
  <ItemGroup>
    <ClInclude Include="..\ToonEngine\ToonEngine\ToonFramebuffer.h">
      <Filter>1. Source Codes %28RenderSystem%29</Filter>
    </ClInclude>
    <ClInclude Include="..\ToonEngine\ToonEngine\ToonGBuffer.h">
      <Filter>1. Source Codes %28RenderSystem%29</Filter>
    </ClInclude>
    <ClInclude Include="targetver.h">
      <Filter>3. Stdafx / Resources %28RenderSystem%29</Filter>
    </ClInclude>
    <ClInclude Include="stdafx.h">
      <Filter>3. Stdafx / Resources %28RenderSystem%29</Filter>
    </ClInclude>
    <ClInclude Include="..\ToonEngine\ToonEngine\ToonEffect.h">
      <Filter>1. Source Codes %28RenderSystem%29</Filter>
    </ClInclude>
    <ClInclude Include="ToonPlugGL3Plus.h">
      <Filter>4. Plugin  %28RenderSystem%29</Filter>
    </ClInclude>
  </ItemGroup>
  <ItemGroup>
    <ClCompile Include="..\ToonEngine\ToonEngine\ToonFramebuffer.cpp">
      <Filter>1. Source Codes %28RenderSystem%29</Filter>
    </ClCompile>
    <ClCompile Include="..\ToonEngine\ToonEngine\ToonGBuffer.cpp">
      <Filter>1. Source Codes %28RenderSystem%29</Filter>
    </ClCompile>
    <ClCompile Include="dllmain.cpp">
      <Filter>1. Source Codes %28RenderSystem%29</Filter>
    </ClCompile>
    <ClCompile Include="stdafx.cpp">
      <Filter>3. Stdafx / Resources %28RenderSystem%29</Filter>
    </ClCompile>
    <ClCompile Include="..\ToonEngine\ToonEngine\ToonEffect.cpp">
      <Filter>1. Source Codes %28RenderSystem%29</Filter>
    </ClCompile>
    <ClCompile Include="ToonRenderSystem_GL3Plus.cpp">
      <Filter>1. Source Codes %28RenderSystem%29</Filter>
    </ClCompile>
  </ItemGroup>
</Project>