<?xml version="1.0" encoding="utf-8"?>
<Project ToolsVersion="15.0" xmlns="http://schemas.microsoft.com/developer/msbuild/2003">
  <ItemGroup>
    <ClCompile Include="C:\Users\User\Desktop\Github\rttr\src\rttr\pch.cpp">
      <Filter>Generated Files</Filter>
    </ClCompile>
    <ClCompile Include="C:\Users\User\Desktop\Github\rttr\src\rttr\constructor.cpp">
      <Filter>Source Files</Filter>
    </ClCompile>
    <ClCompile Include="C:\Users\User\Desktop\Github\rttr\src\rttr\destructor.cpp">
      <Filter>Source Files</Filter>
    </ClCompile>
    <ClCompile Include="C:\Users\User\Desktop\Github\rttr\src\rttr\enumeration.cpp">
      <Filter>Source Files</Filter>
    </ClCompile>
    <ClCompile Include="C:\Users\User\Desktop\Github\rttr\src\rttr\library.cpp">
      <Filter>Source Files</Filter>
    </ClCompile>
    <ClCompile Include="C:\Users\User\Desktop\Github\rttr\src\rttr\method.cpp">
      <Filter>Source Files</Filter>
    </ClCompile>
    <ClCompile Include="C:\Users\User\Desktop\Github\rttr\src\rttr\parameter_info.cpp">
      <Filter>Source Files</Filter>
    </ClCompile>
    <ClCompile Include="C:\Users\User\Desktop\Github\rttr\src\rttr\policy.cpp">
      <Filter>Source Files</Filter>
    </ClCompile>
    <ClCompile Include="C:\Users\User\Desktop\Github\rttr\src\rttr\property.cpp">
      <Filter>Source Files</Filter>
    </ClCompile>
    <ClCompile Include="C:\Users\User\Desktop\Github\rttr\src\rttr\registration.cpp">
      <Filter>Source Files</Filter>
    </ClCompile>
    <ClCompile Include="C:\Users\User\Desktop\Github\rttr\src\rttr\type.cpp">
      <Filter>Source Files</Filter>
    </ClCompile>
    <ClCompile Include="C:\Users\User\Desktop\Github\rttr\src\rttr\variant.cpp">
      <Filter>Source Files</Filter>
    </ClCompile>
    <ClCompile Include="C:\Users\User\Desktop\Github\rttr\src\rttr\variant_associative_view.cpp">
      <Filter>Source Files</Filter>
    </ClCompile>
    <ClCompile Include="C:\Users\User\Desktop\Github\rttr\src\rttr\variant_sequential_view.cpp">
      <Filter>Source Files</Filter>
    </ClCompile>
    <ClCompile Include="C:\Users\User\Desktop\Github\rttr\src\rttr\visitor.cpp">
      <Filter>Source Files</Filter>
    </ClCompile>
    <ClCompile Include="C:\Users\User\Desktop\Github\rttr\src\rttr\detail\comparison\compare_equal.cpp">
      <Filter>detail\comparison</Filter>
    </ClCompile>
    <ClCompile Include="C:\Users\User\Desktop\Github\rttr\src\rttr\detail\comparison\compare_less.cpp">
      <Filter>detail\comparison</Filter>
    </ClCompile>
    <ClCompile Include="C:\Users\User\Desktop\Github\rttr\src\rttr\detail\misc\standard_types.cpp">
      <Filter>detail\misc</Filter>
    </ClCompile>
    <ClCompile Include="C:\Users\User\Desktop\Github\rttr\src\rttr\detail\conversion\std_conversion_functions.cpp">
      <Filter>detail\conversion</Filter>
    </ClCompile>
    <ClCompile Include="C:\Users\User\Desktop\Github\rttr\src\rttr\detail\constructor\constructor_wrapper_base.cpp">
      <Filter>detail\constructor</Filter>
    </ClCompile>
    <ClCompile Include="C:\Users\User\Desktop\Github\rttr\src\rttr\detail\destructor\destructor_wrapper_base.cpp">
      <Filter>detail\destructor</Filter>
    </ClCompile>
    <ClCompile Include="C:\Users\User\Desktop\Github\rttr\src\rttr\detail\enumeration\enumeration_helper.cpp">
      <Filter>detail\enumeration</Filter>
    </ClCompile>
    <ClCompile Include="C:\Users\User\Desktop\Github\rttr\src\rttr\detail\enumeration\enumeration_wrapper_base.cpp">
      <Filter>detail\enumeration</Filter>
    </ClCompile>
    <ClCompile Include="C:\Users\User\Desktop\Github\rttr\src\rttr\detail\library\library_win.cpp">
      <Filter>detail\library</Filter>
    </ClCompile>
    <ClCompile Include="C:\Users\User\Desktop\Github\rttr\src\rttr\detail\library\library_unix.cpp">
      <Filter>detail\library</Filter>
    </ClCompile>
    <ClCompile Include="C:\Users\User\Desktop\Github\rttr\src\rttr\detail\method\method_wrapper_base.cpp">
      <Filter>detail\method</Filter>
    </ClCompile>
    <ClCompile Include="C:\Users\User\Desktop\Github\rttr\src\rttr\detail\parameter_info\parameter_info_wrapper_base.cpp">
      <Filter>detail\parameter_info</Filter>
    </ClCompile>
    <ClCompile Include="C:\Users\User\Desktop\Github\rttr\src\rttr\detail\property\property_wrapper_base.cpp">
      <Filter>detail\property</Filter>
    </ClCompile>
    <ClCompile Include="C:\Users\User\Desktop\Github\rttr\src\rttr\detail\registration\registration_executer.cpp">
      <Filter>detail\registration</Filter>
    </ClCompile>
    <ClCompile Include="C:\Users\User\Desktop\Github\rttr\src\rttr\detail\registration\registration_state_saver.cpp">
      <Filter>detail\registration</Filter>
    </ClCompile>
    <ClCompile Include="C:\Users\User\Desktop\Github\rttr\src\rttr\detail\type\type_data.cpp">
      <Filter>detail\type</Filter>
    </ClCompile>
    <ClCompile Include="C:\Users\User\Desktop\Github\rttr\src\rttr\detail\type\type_register.cpp">
      <Filter>detail\type</Filter>
    </ClCompile>
    <ClCompile Include="C:\Users\User\Desktop\Github\rttr\src\rttr\detail\variant\variant_compare.cpp">
      <Filter>detail\variant</Filter>
    </ClCompile>
  </ItemGroup>
  <ItemGroup>
    <ClInclude Include="C:\Users\User\Desktop\Github\rttr\src\rttr\detail\base\pch.h">
      <Filter>detail\base</Filter>
    </ClInclude>
    <ClInclude Include="C:\Users\User\Desktop\Github\rttr\src\rttr\detail\base\version.h">
      <Filter>detail\base</Filter>
    </ClInclude>
    <ClInclude Include="C:\Users\User\Desktop\Github\rttr\src\rttr\access_levels.h">
      <Filter>Header Files</Filter>
    </ClInclude>
    <ClInclude Include="C:\Users\User\Desktop\Github\rttr\src\rttr\argument.h">
      <Filter>Header Files</Filter>
    </ClInclude>
    <ClInclude Include="C:\Users\User\Desktop\Github\rttr\src\rttr\array_range.h">
      <Filter>Header Files</Filter>
    </ClInclude>
    <ClInclude Include="C:\Users\User\Desktop\Github\rttr\src\rttr\associative_mapper.h">
      <Filter>Header Files</Filter>
    </ClInclude>
    <ClInclude Include="C:\Users\User\Desktop\Github\rttr\src\rttr\constructor.h">
      <Filter>Header Files</Filter>
    </ClInclude>
    <ClInclude Include="C:\Users\User\Desktop\Github\rttr\src\rttr\destructor.h">
      <Filter>Header Files</Filter>
    </ClInclude>
    <ClInclude Include="C:\Users\User\Desktop\Github\rttr\src\rttr\enumeration.h">
      <Filter>Header Files</Filter>
    </ClInclude>
    <ClInclude Include="C:\Users\User\Desktop\Github\rttr\src\rttr\enum_flags.h">
      <Filter>Header Files</Filter>
    </ClInclude>
    <ClInclude Include="C:\Users\User\Desktop\Github\rttr\src\rttr\filter_item.h">
      <Filter>Header Files</Filter>
    </ClInclude>
    <ClInclude Include="C:\Users\User\Desktop\Github\rttr\src\rttr\instance.h">
      <Filter>Header Files</Filter>
    </ClInclude>
    <ClInclude Include="C:\Users\User\Desktop\Github\rttr\src\rttr\library.h">
      <Filter>Header Files</Filter>
    </ClInclude>
    <ClInclude Include="C:\Users\User\Desktop\Github\rttr\src\rttr\method.h">
      <Filter>Header Files</Filter>
    </ClInclude>
    <ClInclude Include="C:\Users\User\Desktop\Github\rttr\src\rttr\policy.h">
      <Filter>Header Files</Filter>
    </ClInclude>
    <ClInclude Include="C:\Users\User\Desktop\Github\rttr\src\rttr\property.h">
      <Filter>Header Files</Filter>
    </ClInclude>
    <ClInclude Include="C:\Users\User\Desktop\Github\rttr\src\rttr\parameter_info.h">
      <Filter>Header Files</Filter>
    </ClInclude>
    <ClInclude Include="C:\Users\User\Desktop\Github\rttr\src\rttr\registration.h">
      <Filter>Header Files</Filter>
    </ClInclude>
    <ClInclude Include="C:\Users\User\Desktop\Github\rttr\src\rttr\registration_friend.h">
      <Filter>Header Files</Filter>
    </ClInclude>
    <ClInclude Include="C:\Users\User\Desktop\Github\rttr\src\rttr\sequential_mapper.h">
      <Filter>Header Files</Filter>
    </ClInclude>
    <ClInclude Include="C:\Users\User\Desktop\Github\rttr\src\rttr\string_view.h">
      <Filter>Header Files</Filter>
    </ClInclude>
    <ClInclude Include="C:\Users\User\Desktop\Github\rttr\src\rttr\rttr_cast.h">
      <Filter>Header Files</Filter>
    </ClInclude>
    <ClInclude Include="C:\Users\User\Desktop\Github\rttr\src\rttr\rttr_enable.h">
      <Filter>Header Files</Filter>
    </ClInclude>
    <ClInclude Include="C:\Users\User\Desktop\Github\rttr\src\rttr\type.h">
      <Filter>Header Files</Filter>
    </ClInclude>
    <ClInclude Include="C:\Users\User\Desktop\Github\rttr\src\rttr\type_list.h">
      <Filter>Header Files</Filter>
    </ClInclude>
    <ClInclude Include="C:\Users\User\Desktop\Github\rttr\src\rttr\variant.h">
      <Filter>Header Files</Filter>
    </ClInclude>
    <ClInclude Include="C:\Users\User\Desktop\Github\rttr\src\rttr\variant_associative_view.h">
      <Filter>Header Files</Filter>
    </ClInclude>
    <ClInclude Include="C:\Users\User\Desktop\Github\rttr\src\rttr\variant_sequential_view.h">
      <Filter>Header Files</Filter>
    </ClInclude>
    <ClInclude Include="C:\Users\User\Desktop\Github\rttr\src\rttr\visitor.h">
      <Filter>Header Files</Filter>
    </ClInclude>
    <ClInclude Include="C:\Users\User\Desktop\Github\rttr\src\rttr\wrapper_mapper.h">
      <Filter>Header Files</Filter>
    </ClInclude>
    <ClInclude Include="C:\Users\User\Desktop\Github\rttr\src\rttr\detail\base\core_prerequisites.h">
      <Filter>detail\base</Filter>
    </ClInclude>
    <ClInclude Include="C:\Users\User\Desktop\Github\rttr\src\rttr\detail\comparison\comparable_types.h">
      <Filter>detail\comparison</Filter>
    </ClInclude>
    <ClInclude Include="C:\Users\User\Desktop\Github\rttr\src\rttr\detail\comparison\compare_array_less.h">
      <Filter>detail\comparison</Filter>
    </ClInclude>
    <ClInclude Include="C:\Users\User\Desktop\Github\rttr\src\rttr\detail\comparison\compare_array_less_impl.h">
      <Filter>detail\comparison</Filter>
    </ClInclude>
    <ClInclude Include="C:\Users\User\Desktop\Github\rttr\src\rttr\detail\comparison\compare_array_equal.h">
      <Filter>detail\comparison</Filter>
    </ClInclude>
    <ClInclude Include="C:\Users\User\Desktop\Github\rttr\src\rttr\detail\comparison\compare_array_equal_impl.h">
      <Filter>detail\comparison</Filter>
    </ClInclude>
    <ClInclude Include="C:\Users\User\Desktop\Github\rttr\src\rttr\detail\comparison\compare_equal.h">
      <Filter>detail\comparison</Filter>
    </ClInclude>
    <ClInclude Include="C:\Users\User\Desktop\Github\rttr\src\rttr\detail\comparison\compare_equal_impl.h">
      <Filter>detail\comparison</Filter>
    </ClInclude>
    <ClInclude Include="C:\Users\User\Desktop\Github\rttr\src\rttr\detail\comparison\compare_less.h">
      <Filter>detail\comparison</Filter>
    </ClInclude>
    <ClInclude Include="C:\Users\User\Desktop\Github\rttr\src\rttr\detail\comparison\compare_less_impl.h">
      <Filter>detail\comparison</Filter>
    </ClInclude>
    <ClInclude Include="C:\Users\User\Desktop\Github\rttr\src\rttr\detail\constructor\constructor_invoker.h">
      <Filter>detail\constructor</Filter>
    </ClInclude>
    <ClInclude Include="C:\Users\User\Desktop\Github\rttr\src\rttr\detail\constructor\constructor_wrapper.h">
      <Filter>detail\constructor</Filter>
    </ClInclude>
    <ClInclude Include="C:\Users\User\Desktop\Github\rttr\src\rttr\detail\constructor\constructor_wrapper_defaults.h">
      <Filter>detail\constructor</Filter>
    </ClInclude>
    <ClInclude Include="C:\Users\User\Desktop\Github\rttr\src\rttr\detail\constructor\constructor_wrapper_base.h">
      <Filter>detail\constructor</Filter>
    </ClInclude>
    <ClInclude Include="C:\Users\User\Desktop\Github\rttr\src\rttr\detail\conversion\std_conversion_functions.h">
      <Filter>detail\conversion</Filter>
    </ClInclude>
    <ClInclude Include="C:\Users\User\Desktop\Github\rttr\src\rttr\detail\conversion\number_conversion.h">
      <Filter>detail\conversion</Filter>
    </ClInclude>
    <ClInclude Include="C:\Users\User\Desktop\Github\rttr\src\rttr\detail\default_arguments\default_arguments.h">
      <Filter>detail\default_arguments</Filter>
    </ClInclude>
    <ClInclude Include="C:\Users\User\Desktop\Github\rttr\src\rttr\detail\default_arguments\invoke_with_defaults.h">
      <Filter>detail\default_arguments</Filter>
    </ClInclude>
    <ClInclude Include="C:\Users\User\Desktop\Github\rttr\src\rttr\detail\destructor\destructor_wrapper.h">
      <Filter>detail\destructor</Filter>
    </ClInclude>
    <ClInclude Include="C:\Users\User\Desktop\Github\rttr\src\rttr\detail\destructor\destructor_wrapper_base.h">
      <Filter>detail\destructor</Filter>
    </ClInclude>
    <ClInclude Include="C:\Users\User\Desktop\Github\rttr\src\rttr\detail\enumeration\enumeration_helper.h">
      <Filter>detail\enumeration</Filter>
    </ClInclude>
    <ClInclude Include="C:\Users\User\Desktop\Github\rttr\src\rttr\detail\enumeration\enumeration_wrapper.h">
      <Filter>detail\enumeration</Filter>
    </ClInclude>
    <ClInclude Include="C:\Users\User\Desktop\Github\rttr\src\rttr\detail\enumeration\enumeration_wrapper_base.h">
      <Filter>detail\enumeration</Filter>
    </ClInclude>
    <ClInclude Include="C:\Users\User\Desktop\Github\rttr\src\rttr\detail\enumeration\enum_data.h">
      <Filter>detail\enumeration</Filter>
    </ClInclude>
    <ClInclude Include="C:\Users\User\Desktop\Github\rttr\src\rttr\detail\filter\filter_item_funcs.h">
      <Filter>detail\filter</Filter>
    </ClInclude>
    <ClInclude Include="C:\Users\User\Desktop\Github\rttr\src\rttr\detail\impl\argument_impl.h">
      <Filter>detail\impl</Filter>
    </ClInclude>
    <ClInclude Include="C:\Users\User\Desktop\Github\rttr\src\rttr\detail\impl\array_range_impl.h">
      <Filter>detail\impl</Filter>
    </ClInclude>
    <ClInclude Include="C:\Users\User\Desktop\Github\rttr\src\rttr\detail\impl\associative_mapper_impl.h">
      <Filter>detail\impl</Filter>
    </ClInclude>
    <ClInclude Include="C:\Users\User\Desktop\Github\rttr\src\rttr\detail\impl\enum_flags_impl.h">
      <Filter>detail\impl</Filter>
    </ClInclude>
    <ClInclude Include="C:\Users\User\Desktop\Github\rttr\src\rttr\detail\impl\instance_impl.h">
      <Filter>detail\impl</Filter>
    </ClInclude>
    <ClInclude Include="C:\Users\User\Desktop\Github\rttr\src\rttr\detail\impl\rttr_cast_impl.h">
      <Filter>detail\impl</Filter>
    </ClInclude>
    <ClInclude Include="C:\Users\User\Desktop\Github\rttr\src\rttr\detail\impl\sequential_mapper_impl.h">
      <Filter>detail\impl</Filter>
    </ClInclude>
    <ClInclude Include="C:\Users\User\Desktop\Github\rttr\src\rttr\detail\impl\string_view_impl.h">
      <Filter>detail\impl</Filter>
    </ClInclude>
    <ClInclude Include="C:\Users\User\Desktop\Github\rttr\src\rttr\detail\impl\wrapper_mapper_impl.h">
      <Filter>detail\impl</Filter>
    </ClInclude>
    <ClInclude Include="C:\Users\User\Desktop\Github\rttr\src\rttr\detail\library\library_p.h">
      <Filter>detail\library</Filter>
    </ClInclude>
    <ClInclude Include="C:\Users\User\Desktop\Github\rttr\src\rttr\detail\metadata\metadata.h">
      <Filter>detail\metadata</Filter>
    </ClInclude>
    <ClInclude Include="C:\Users\User\Desktop\Github\rttr\src\rttr\detail\metadata\metadata_handler.h">
      <Filter>detail\metadata</Filter>
    </ClInclude>
    <ClInclude Include="C:\Users\User\Desktop\Github\rttr\src\rttr\detail\method\method_accessor.h">
      <Filter>detail\method</Filter>
    </ClInclude>
    <ClInclude Include="C:\Users\User\Desktop\Github\rttr\src\rttr\detail\method\method_invoker.h">
      <Filter>detail\method</Filter>
    </ClInclude>
    <ClInclude Include="C:\Users\User\Desktop\Github\rttr\src\rttr\detail\method\method_wrapper.h">
      <Filter>detail\method</Filter>
    </ClInclude>
    <ClInclude Include="C:\Users\User\Desktop\Github\rttr\src\rttr\detail\method\method_wrapper_base.h">
      <Filter>detail\method</Filter>
    </ClInclude>
    <ClInclude Include="C:\Users\User\Desktop\Github\rttr\src\rttr\detail\misc\argument_wrapper.h">
      <Filter>detail\misc</Filter>
    </ClInclude>
    <ClInclude Include="C:\Users\User\Desktop\Github\rttr\src\rttr\detail\misc\argument_extractor.h">
      <Filter>detail\misc</Filter>
    </ClInclude>
    <ClInclude Include="C:\Users\User\Desktop\Github\rttr\src\rttr\detail\misc\class_item_mapper.h">
      <Filter>detail\misc</Filter>
    </ClInclude>
    <ClInclude Include="C:\Users\User\Desktop\Github\rttr\src\rttr\detail\misc\data_address_container.h">
      <Filter>detail\misc</Filter>
    </ClInclude>
    <ClInclude Include="C:\Users\User\Desktop\Github\rttr\src\rttr\detail\misc\flat_map.h">
      <Filter>detail\misc</Filter>
    </ClInclude>
    <ClInclude Include="C:\Users\User\Desktop\Github\rttr\src\rttr\detail\misc\flat_multimap.h">
      <Filter>detail\misc</Filter>
    </ClInclude>
    <ClInclude Include="C:\Users\User\Desktop\Github\rttr\src\rttr\detail\misc\function_traits.h">
      <Filter>detail\misc</Filter>
    </ClInclude>
    <ClInclude Include="C:\Users\User\Desktop\Github\rttr\src\rttr\detail\misc\iterator_wrapper.h">
      <Filter>detail\misc</Filter>
    </ClInclude>
    <ClInclude Include="C:\Users\User\Desktop\Github\rttr\src\rttr\detail\misc\misc_type_traits.h">
      <Filter>detail\misc</Filter>
    </ClInclude>
    <ClInclude Include="C:\Users\User\Desktop\Github\rttr\src\rttr\detail\misc\register_wrapper_mapper_conversion.h">
      <Filter>detail\misc</Filter>
    </ClInclude>
    <ClInclude Include="C:\Users\User\Desktop\Github\rttr\src\rttr\detail\misc\sequential_container_type_traits.h">
      <Filter>detail\misc</Filter>
    </ClInclude>
    <ClInclude Include="C:\Users\User\Desktop\Github\rttr\src\rttr\detail\misc\std_type_traits.h">
      <Filter>detail\misc</Filter>
    </ClInclude>
    <ClInclude Include="C:\Users\User\Desktop\Github\rttr\src\rttr\detail\misc\template_type_trait.h">
      <Filter>detail\misc</Filter>
    </ClInclude>
    <ClInclude Include="C:\Users\User\Desktop\Github\rttr\src\rttr\detail\misc\template_type_trait_impl.h">
      <Filter>detail\misc</Filter>
    </ClInclude>
    <ClInclude Include="C:\Users\User\Desktop\Github\rttr\src\rttr\detail\misc\utility.h">
      <Filter>detail\misc</Filter>
    </ClInclude>
    <ClInclude Include="C:\Users\User\Desktop\Github\rttr\src\rttr\detail\parameter_info\parameter_infos.h">
      <Filter>detail\parameter_info</Filter>
    </ClInclude>
    <ClInclude Include="C:\Users\User\Desktop\Github\rttr\src\rttr\detail\parameter_info\parameter_infos_compare.h">
      <Filter>detail\parameter_info</Filter>
    </ClInclude>
    <ClInclude Include="C:\Users\User\Desktop\Github\rttr\src\rttr\detail\parameter_info\parameter_names.h">
      <Filter>detail\parameter_info</Filter>
    </ClInclude>
    <ClInclude Include="C:\Users\User\Desktop\Github\rttr\src\rttr\detail\parameter_info\parameter_info_wrapper_base.h">
      <Filter>detail\parameter_info</Filter>
    </ClInclude>
    <ClInclude Include="C:\Users\User\Desktop\Github\rttr\src\rttr\detail\parameter_info\parameter_info_wrapper.h">
      <Filter>detail\parameter_info</Filter>
    </ClInclude>
    <ClInclude Include="C:\Users\User\Desktop\Github\rttr\src\rttr\detail\policies\prop_policies.h">
      <Filter>detail\policies</Filter>
    </ClInclude>
    <ClInclude Include="C:\Users\User\Desktop\Github\rttr\src\rttr\detail\policies\meth_policies.h">
      <Filter>detail\policies</Filter>
    </ClInclude>
    <ClInclude Include="C:\Users\User\Desktop\Github\rttr\src\rttr\detail\policies\ctor_policies.h">
      <Filter>detail\policies</Filter>
    </ClInclude>
    <ClInclude Include="C:\Users\User\Desktop\Github\rttr\src\rttr\detail\property\property_accessor.h">
      <Filter>detail\property</Filter>
    </ClInclude>
    <ClInclude Include="C:\Users\User\Desktop\Github\rttr\src\rttr\detail\property\property_wrapper.h">
      <Filter>detail\property</Filter>
    </ClInclude>
    <ClInclude Include="C:\Users\User\Desktop\Github\rttr\src\rttr\detail\property\property_wrapper_base.h">
      <Filter>detail\property</Filter>
    </ClInclude>
    <ClInclude Include="C:\Users\User\Desktop\Github\rttr\src\rttr\detail\property\property_wrapper_func.h">
      <Filter>detail\property</Filter>
    </ClInclude>
    <ClInclude Include="C:\Users\User\Desktop\Github\rttr\src\rttr\detail\property\property_wrapper_member_func.h">
      <Filter>detail\property</Filter>
    </ClInclude>
    <ClInclude Include="C:\Users\User\Desktop\Github\rttr\src\rttr\detail\property\property_wrapper_member_object.h">
      <Filter>detail\property</Filter>
    </ClInclude>
    <ClInclude Include="C:\Users\User\Desktop\Github\rttr\src\rttr\detail\property\property_wrapper_object.h">
      <Filter>detail\property</Filter>
    </ClInclude>
    <ClInclude Include="C:\Users\User\Desktop\Github\rttr\src\rttr\detail\registration\bind_types.h">
      <Filter>detail\registration</Filter>
    </ClInclude>
    <ClInclude Include="C:\Users\User\Desktop\Github\rttr\src\rttr\detail\registration\bind_impl.h">
      <Filter>detail\registration</Filter>
    </ClInclude>
    <ClInclude Include="C:\Users\User\Desktop\Github\rttr\src\rttr\detail\registration\register_base_class_from_accessor.h">
      <Filter>detail\registration</Filter>
    </ClInclude>
    <ClInclude Include="C:\Users\User\Desktop\Github\rttr\src\rttr\detail\registration\registration_impl.h">
      <Filter>detail\registration</Filter>
    </ClInclude>
    <ClInclude Include="C:\Users\User\Desktop\Github\rttr\src\rttr\detail\registration\registration_executer.h">
      <Filter>detail\registration</Filter>
    </ClInclude>
    <ClInclude Include="C:\Users\User\Desktop\Github\rttr\src\rttr\detail\registration\registration_manager.h">
      <Filter>detail\registration</Filter>
    </ClInclude>
    <ClInclude Include="C:\Users\User\Desktop\Github\rttr\src\rttr\detail\registration\registration_state_saver.h">
      <Filter>detail\registration</Filter>
    </ClInclude>
    <ClInclude Include="C:\Users\User\Desktop\Github\rttr\src\rttr\detail\type\accessor_type.h">
      <Filter>detail\type</Filter>
    </ClInclude>
    <ClInclude Include="C:\Users\User\Desktop\Github\rttr\src\rttr\detail\type\base_classes.h">
      <Filter>detail\type</Filter>
    </ClInclude>
    <ClInclude Include="C:\Users\User\Desktop\Github\rttr\src\rttr\detail\type\get_create_variant_func.h">
      <Filter>detail\type</Filter>
    </ClInclude>
    <ClInclude Include="C:\Users\User\Desktop\Github\rttr\src\rttr\detail\type\get_derived_info_func.h">
      <Filter>detail\type</Filter>
    </ClInclude>
    <ClInclude Include="C:\Users\User\Desktop\Github\rttr\src\rttr\detail\type\type_converter.h">
      <Filter>detail\type</Filter>
    </ClInclude>
    <ClInclude Include="C:\Users\User\Desktop\Github\rttr\src\rttr\detail\type\type_comparator.h">
      <Filter>detail\type</Filter>
    </ClInclude>
    <ClInclude Include="C:\Users\User\Desktop\Github\rttr\src\rttr\detail\type\type_data.h">
      <Filter>detail\type</Filter>
    </ClInclude>
    <ClInclude Include="C:\Users\User\Desktop\Github\rttr\src\rttr\detail\type\type_register.h">
      <Filter>detail\type</Filter>
    </ClInclude>
    <ClInclude Include="C:\Users\User\Desktop\Github\rttr\src\rttr\detail\type\type_impl.h">
      <Filter>detail\type</Filter>
    </ClInclude>
    <ClInclude Include="C:\Users\User\Desktop\Github\rttr\src\rttr\detail\type\type_name.h">
      <Filter>detail\type</Filter>
    </ClInclude>
    <ClInclude Include="C:\Users\User\Desktop\Github\rttr\src\rttr\detail\type\type_register_p.h">
      <Filter>detail\type</Filter>
    </ClInclude>
    <ClInclude Include="C:\Users\User\Desktop\Github\rttr\src\rttr\detail\type\type_string_utils.h">
      <Filter>detail\type</Filter>
    </ClInclude>
    <ClInclude Include="C:\Users\User\Desktop\Github\rttr\src\rttr\detail\variant\variant_compare.h">
      <Filter>detail\variant</Filter>
    </ClInclude>
    <ClInclude Include="C:\Users\User\Desktop\Github\rttr\src\rttr\detail\variant\variant_data.h">
      <Filter>detail\variant</Filter>
    </ClInclude>
    <ClInclude Include="C:\Users\User\Desktop\Github\rttr\src\rttr\detail\variant\variant_data_converter.h">
      <Filter>detail\variant</Filter>
    </ClInclude>
    <ClInclude Include="C:\Users\User\Desktop\Github\rttr\src\rttr\detail\variant\variant_data_policy.h">
      <Filter>detail\variant</Filter>
    </ClInclude>
    <ClInclude Include="C:\Users\User\Desktop\Github\rttr\src\rttr\detail\variant\variant_impl.h">
      <Filter>detail\variant</Filter>
    </ClInclude>
    <ClInclude Include="C:\Users\User\Desktop\Github\rttr\src\rttr\detail\variant_associative_view\variant_associative_view_private.h">
      <Filter>detail\variant_associative_view</Filter>
    </ClInclude>
    <ClInclude Include="C:\Users\User\Desktop\Github\rttr\src\rttr\detail\variant_associative_view\variant_associative_view_creator.h">
      <Filter>detail\variant_associative_view</Filter>
    </ClInclude>
    <ClInclude Include="C:\Users\User\Desktop\Github\rttr\src\rttr\detail\variant_associative_view\variant_associative_view_creator_impl.h">
      <Filter>detail\variant_associative_view</Filter>
    </ClInclude>
    <ClInclude Include="C:\Users\User\Desktop\Github\rttr\src\rttr\detail\variant_sequential_view\variant_sequential_view_private.h">
      <Filter>detail\variant_sequential_view</Filter>
    </ClInclude>
    <ClInclude Include="C:\Users\User\Desktop\Github\rttr\src\rttr\detail\variant_sequential_view\variant_sequential_view_creator_impl.h">
      <Filter>detail\variant_sequential_view</Filter>
    </ClInclude>
    <ClInclude Include="C:\Users\User\Desktop\Github\rttr\src\rttr\detail\variant_sequential_view\variant_sequential_view_creator.h">
      <Filter>detail\variant_sequential_view</Filter>
    </ClInclude>
    <ClInclude Include="C:\Users\User\Desktop\Github\rttr\src\rttr\detail\visitor\visitor_iterator.h">
      <Filter>detail\visitor</Filter>
    </ClInclude>
    <ClInclude Include="C:\Users\User\Desktop\Github\rttr\src\rttr\detail\visitor\create_type_visitor_func.h">
      <Filter>detail\visitor</Filter>
    </ClInclude>
    <ClInclude Include="C:\Users\User\Desktop\Github\rttr\src\rttr\detail\visitor\create_type_visitor_func_impl.h">
      <Filter>detail\visitor</Filter>
    </ClInclude>
    <ClInclude Include="C:\Users\User\Desktop\Github\rttr\src\rttr\detail\visitor\method_visitor_invoker.h">
      <Filter>detail\visitor</Filter>
    </ClInclude>
    <ClInclude Include="C:\Users\User\Desktop\Github\rttr\src\rttr\detail\visitor\constructor_visitor_invoker.h">
      <Filter>detail\visitor</Filter>
    </ClInclude>
    <ClInclude Include="C:\Users\User\Desktop\Github\rttr\src\rttr\detail\visitor\property_visitor_invoker.h">
      <Filter>detail\visitor</Filter>
    </ClInclude>
    <ClInclude Include="C:\Users\User\Desktop\Github\rttr\src\rttr\detail\visitor\visitor_impl.h">
      <Filter>detail\visitor</Filter>
    </ClInclude>
    <ClInclude Include="C:\Users\User\Desktop\Github\rttr\src\rttr\detail\visitor\type_visitor_invoker.h">
      <Filter>detail\visitor</Filter>
    </ClInclude>
    <ClInclude Include="C:\Users\User\Desktop\Github\rttr\src\rttr\detail\visitor\visitor_registration.h">
      <Filter>detail\visitor</Filter>
    </ClInclude>
  </ItemGroup>
  <ItemGroup>
    <CustomBuild Include="C:\Users\User\Desktop\Github\rttr\src\rttr\CMakeLists.txt" />
  </ItemGroup>
  <ItemGroup>
    <None Include="C:\Users\User\Desktop\Github\rttr\src\rttr\registration" />
    <None Include="C:\Users\User\Desktop\Github\rttr\src\rttr\registration_friend" />
    <None Include="C:\Users\User\Desktop\Github\rttr\src\rttr\type" />
  </ItemGroup>
  <ItemGroup>
    <ResourceCompile Include="C:\Users\User\Desktop\Github\rttr\src\rttr\detail\base\version.rc">
      <Filter>Generated Files</Filter>
    </ResourceCompile>
  </ItemGroup>
  <ItemGroup>
    <Filter Include="Generated Files">
      <UniqueIdentifier>{E2C411EE-A23A-3FC1-8B14-2FE2893EDEA0}</UniqueIdentifier>
    </Filter>
    <Filter Include="Header Files">
      <UniqueIdentifier>{C1EBFF31-9447-38C5-962B-84F86A016DBE}</UniqueIdentifier>
    </Filter>
    <Filter Include="Source Files">
      <UniqueIdentifier>{3DDFE83F-FEC6-39EA-A0BA-DF1DA6D995B6}</UniqueIdentifier>
    </Filter>
    <Filter Include="detail">
      <UniqueIdentifier>{8A86E4D9-0871-3AC3-9D41-B95026599793}</UniqueIdentifier>
    </Filter>
    <Filter Include="detail\base">
      <UniqueIdentifier>{59758C34-044D-36D3-8CBB-3DC2073E15DF}</UniqueIdentifier>
    </Filter>
    <Filter Include="detail\comparison">
      <UniqueIdentifier>{828AA404-997D-37CA-985F-A89E81DEA731}</UniqueIdentifier>
    </Filter>
    <Filter Include="detail\constructor">
      <UniqueIdentifier>{70B27002-CC94-324C-8846-74B3F6A0FF04}</UniqueIdentifier>
    </Filter>
    <Filter Include="detail\conversion">
      <UniqueIdentifier>{C138894F-0B9B-3F87-8FD4-448F1E1BE1B3}</UniqueIdentifier>
    </Filter>
    <Filter Include="detail\default_arguments">
      <UniqueIdentifier>{F35FCCE9-1D79-3EDF-AB57-EF2B94459FE8}</UniqueIdentifier>
    </Filter>
    <Filter Include="detail\destructor">
      <UniqueIdentifier>{D2096B86-84F6-3E06-B0B9-F5CAF628F6DF}</UniqueIdentifier>
    </Filter>
    <Filter Include="detail\enumeration">
      <UniqueIdentifier>{FABA0256-1AAC-3CC1-8561-A19E20BC1C96}</UniqueIdentifier>
    </Filter>
    <Filter Include="detail\filter">
      <UniqueIdentifier>{1A73E851-ECC0-3AD8-932D-E00D08059128}</UniqueIdentifier>
    </Filter>
    <Filter Include="detail\impl">
      <UniqueIdentifier>{14D70784-4169-309E-9952-AE41122BE7A6}</UniqueIdentifier>
    </Filter>
    <Filter Include="detail\library">
      <UniqueIdentifier>{D7CD4520-3E6B-31A9-9AB1-9829BDC3EB6A}</UniqueIdentifier>
    </Filter>
    <Filter Include="detail\metadata">
      <UniqueIdentifier>{087BC59F-ED5B-3007-8FE7-89CCBB90266F}</UniqueIdentifier>
    </Filter>
    <Filter Include="detail\method">
      <UniqueIdentifier>{F26F7DE3-13BA-3F59-83B2-7C8B41384198}</UniqueIdentifier>
    </Filter>
    <Filter Include="detail\misc">
      <UniqueIdentifier>{7A8C1F5B-0501-3A36-9D22-87238338C4B8}</UniqueIdentifier>
    </Filter>
    <Filter Include="detail\parameter_info">
      <UniqueIdentifier>{8B59281C-3EE6-340E-85D0-56EED19E0CB7}</UniqueIdentifier>
    </Filter>
    <Filter Include="detail\policies">
      <UniqueIdentifier>{75B2AE47-A484-3F27-9BBE-0CE96D3CE156}</UniqueIdentifier>
    </Filter>
    <Filter Include="detail\property">
      <UniqueIdentifier>{DE0C8BDC-7E9E-37D1-B2FA-FF2D9AD7EF6D}</UniqueIdentifier>
    </Filter>
    <Filter Include="detail\registration">
      <UniqueIdentifier>{CE4C3AB7-A950-3668-80D2-973B8F10B589}</UniqueIdentifier>
    </Filter>
    <Filter Include="detail\type">
      <UniqueIdentifier>{C2EC68B7-11E6-3620-834A-7B3C712997A4}</UniqueIdentifier>
    </Filter>
    <Filter Include="detail\variant">
      <UniqueIdentifier>{B4F8CB54-8B65-3E81-BC91-64471FFD20C3}</UniqueIdentifier>
    </Filter>
    <Filter Include="detail\variant_associative_view">
      <UniqueIdentifier>{12039436-2814-393C-B85F-E031640E315A}</UniqueIdentifier>
    </Filter>
    <Filter Include="detail\variant_sequential_view">
      <UniqueIdentifier>{E84554A3-6F98-3C61-A11F-2E4181CB3394}</UniqueIdentifier>
    </Filter>
    <Filter Include="detail\visitor">
      <UniqueIdentifier>{2499C55F-EDA8-37E4-BBB1-00428C0E8EC5}</UniqueIdentifier>
    </Filter>
  </ItemGroup>
</Project>
