<?xml version="1.0" encoding="utf-8"?>
<Project ToolsVersion="4.0" xmlns="http://schemas.microsoft.com/developer/msbuild/2003">
  <ItemGroup>
    <ClInclude Include="Includes\stdafx.h" />
    <ClInclude Include="Includes\ToonGL3PlusEffect.h" />
    <ClInclude Include="Includes\ToonGL3PlusErrorCodes.h" />
    <ClInclude Include="Includes\ToonGL3PlusFramebuffer.h" />
    <ClInclude Include="Includes\ToonGL3PlusGBuffer.h" />
    <ClInclude Include="Includes\ToonGL3PlusUtil.h" />
    <ClInclude Include="Includes\ToonPlugGL3Plus.h" />
    <ClInclude Include="Includes\ToonGL3PlusRendersystem.h" />
    <ClInclude Include="Includes\ToonGL3PlusInputSystem.h" />
    <ClInclude Include="Includes\ToonGL3PlusPlatform.h" />
    <ClInclude Include="Includes\ToonGL3PlusPrerequisites.h" />
  </ItemGroup>
  <ItemGroup>
    <ClCompile Include="Sources\stdafx.cpp" />
    <ClCompile Include="Sources\ToonGL3PlusEffect.cpp" />
    <ClCompile Include="Sources\ToonGL3PlusFramebuffer.cpp" />
    <ClCompile Include="Sources\ToonGL3PlusGBuffer.cpp" />
    <ClCompile Include="Sources\ToonGL3PlusRendersystem.cpp" />
  </ItemGroup>
  <ItemGroup>
    <Text Include="CMakeLists.txt" />
  </ItemGroup>
</Project>