<?xml version="1.0" encoding="utf-8"?>
<Project ToolsVersion="4.0" xmlns="http://schemas.microsoft.com/developer/msbuild/2003">
  <ItemGroup>
    <Filter Include="2. Stdafx / Resources %28Editor%29">
      <UniqueIdentifier>{7342ff11-6b5a-4b7b-b7f9-41c528d13c0d}</UniqueIdentifier>
    </Filter>
    <Filter Include="1. Source Codes %28Editor%29">
      <UniqueIdentifier>{cd8bafb2-2697-4740-acee-4cf0507f807c}</UniqueIdentifier>
    </Filter>
    <Filter Include="3. Lua Source Codes %28Editor%29">
      <UniqueIdentifier>{071add0f-99be-423e-956d-a9c741c58cc3}</UniqueIdentifier>
    </Filter>
    <Filter Include="3. Lua Source Codes %28Editor%29\Lua Scripts">
      <UniqueIdentifier>{11e0c833-435f-4d47-a572-dbe51851d971}</UniqueIdentifier>
    </Filter>
    <Filter Include="4. Config %28Editor%29">
      <UniqueIdentifier>{85c9d1ff-2cb5-4552-89fe-035d55563904}</UniqueIdentifier>
    </Filter>
    <Filter Include="1. Source Codes %28Editor%29\GUI">
      <UniqueIdentifier>{94b92c33-7cf3-4169-b46f-1f4b13c2c20a}</UniqueIdentifier>
    </Filter>
    <Filter Include="1. Source Codes %28Editor%29\Event">
      <UniqueIdentifier>{a73a41ad-c5ec-41d8-a97f-5cfd46a7b227}</UniqueIdentifier>
    </Filter>
  </ItemGroup>
  <ItemGroup>
    <ClCompile Include="main.cpp">
      <Filter>1. Source Codes %28Editor%29</Filter>
    </ClCompile>
    <ClCompile Include="stdafx.cpp">
      <Filter>2. Stdafx / Resources %28Editor%29</Filter>
    </ClCompile>
    <ClCompile Include="lua_engine.cpp">
      <Filter>3. Lua Source Codes %28Editor%29</Filter>
    </ClCompile>
  </ItemGroup>
  <ItemGroup>
    <ClInclude Include="stdafx.h">
      <Filter>2. Stdafx / Resources %28Editor%29</Filter>
    </ClInclude>
    <ClInclude Include="lua_engine.h">
      <Filter>3. Lua Source Codes %28Editor%29</Filter>
    </ClInclude>
  </ItemGroup>
</Project>