
Microsoft Visual Studio Solution File, Format Version 12.00
# Visual Studio 15
VisualStudioVersion = 15.0.28010.2026
MinimumVisualStudioVersion = 10.0.40219.1
Project("{8BC9CEB8-8B4A-11D0-8D11-00A0C91BC942}") = "DeformableSnow", "DeformableSnow\DeformableSnow.vcxproj", "{99C224E1-69BD-4C57-959E-73CD4FC373DE}"
EndProject
Project("{8BC9CEB8-8B4A-11D0-8D11-00A0C91BC942}") = "ToonEditor", "ToonEditor\ToonEditor\ToonEditor.vcxproj", "{C2DE6603-52B9-4155-B8E8-3C526D734C03}"
EndProject
Project("{8BC9CEB8-8B4A-11D0-8D11-00A0C91BC942}") = "ToonEngine", "ToonEngine\ToonEngine\ToonEngine.vcxproj", "{BFD1E5CD-0269-4FAE-A764-E47249E26D2B}"
EndProject
Project("{8BC9CEB8-8B4A-11D0-8D11-00A0C91BC942}") = "ToonRendersystem_GL3Plus", "ToonRendersystem_GL3Plus\ToonRendersystem_GL3Plus.vcxproj", "{32F0A0E1-0DEE-44CC-A946-086C3F1750E1}"
EndProject
Global
	GlobalSection(SolutionConfigurationPlatforms) = preSolution
		Debug|x64 = Debug|x64
		Debug|x86 = Debug|x86
		Release|x64 = Release|x64
		Release|x86 = Release|x86
	EndGlobalSection
	GlobalSection(ProjectConfigurationPlatforms) = postSolution
		{99C224E1-69BD-4C57-959E-73CD4FC373DE}.Debug|x64.ActiveCfg = Debug|x64
		{99C224E1-69BD-4C57-959E-73CD4FC373DE}.Debug|x64.Build.0 = Debug|x64
		{99C224E1-69BD-4C57-959E-73CD4FC373DE}.Debug|x86.ActiveCfg = Debug|Win32
		{99C224E1-69BD-4C57-959E-73CD4FC373DE}.Debug|x86.Build.0 = Debug|Win32
		{99C224E1-69BD-4C57-959E-73CD4FC373DE}.Release|x64.ActiveCfg = Release|x64
		{99C224E1-69BD-4C57-959E-73CD4FC373DE}.Release|x64.Build.0 = Release|x64
		{99C224E1-69BD-4C57-959E-73CD4FC373DE}.Release|x86.ActiveCfg = Release|Win32
		{99C224E1-69BD-4C57-959E-73CD4FC373DE}.Release|x86.Build.0 = Release|Win32
		{C2DE6603-52B9-4155-B8E8-3C526D734C03}.Debug|x64.ActiveCfg = Debug|x64
		{C2DE6603-52B9-4155-B8E8-3C526D734C03}.Debug|x64.Build.0 = Debug|x64
		{C2DE6603-52B9-4155-B8E8-3C526D734C03}.Debug|x86.ActiveCfg = Debug|Win32
		{C2DE6603-52B9-4155-B8E8-3C526D734C03}.Debug|x86.Build.0 = Debug|Win32
		{C2DE6603-52B9-4155-B8E8-3C526D734C03}.Release|x64.ActiveCfg = Release|x64
		{C2DE6603-52B9-4155-B8E8-3C526D734C03}.Release|x64.Build.0 = Release|x64
		{C2DE6603-52B9-4155-B8E8-3C526D734C03}.Release|x86.ActiveCfg = Release|Win32
		{C2DE6603-52B9-4155-B8E8-3C526D734C03}.Release|x86.Build.0 = Release|Win32
		{BFD1E5CD-0269-4FAE-A764-E47249E26D2B}.Debug|x64.ActiveCfg = Debug|x64
		{BFD1E5CD-0269-4FAE-A764-E47249E26D2B}.Debug|x64.Build.0 = Debug|x64
		{BFD1E5CD-0269-4FAE-A764-E47249E26D2B}.Debug|x86.ActiveCfg = Debug|Win32
		{BFD1E5CD-0269-4FAE-A764-E47249E26D2B}.Debug|x86.Build.0 = Debug|Win32
		{BFD1E5CD-0269-4FAE-A764-E47249E26D2B}.Release|x64.ActiveCfg = Release|x64
		{BFD1E5CD-0269-4FAE-A764-E47249E26D2B}.Release|x64.Build.0 = Release|x64
		{BFD1E5CD-0269-4FAE-A764-E47249E26D2B}.Release|x86.ActiveCfg = Release|Win32
		{BFD1E5CD-0269-4FAE-A764-E47249E26D2B}.Release|x86.Build.0 = Release|Win32
		{32F0A0E1-0DEE-44CC-A946-086C3F1750E1}.Debug|x64.ActiveCfg = Debug|x64
		{32F0A0E1-0DEE-44CC-A946-086C3F1750E1}.Debug|x64.Build.0 = Debug|x64
		{32F0A0E1-0DEE-44CC-A946-086C3F1750E1}.Debug|x86.ActiveCfg = Debug|Win32
		{32F0A0E1-0DEE-44CC-A946-086C3F1750E1}.Debug|x86.Build.0 = Debug|Win32
		{32F0A0E1-0DEE-44CC-A946-086C3F1750E1}.Release|x64.ActiveCfg = Release|x64
		{32F0A0E1-0DEE-44CC-A946-086C3F1750E1}.Release|x64.Build.0 = Release|x64
		{32F0A0E1-0DEE-44CC-A946-086C3F1750E1}.Release|x86.ActiveCfg = Release|Win32
		{32F0A0E1-0DEE-44CC-A946-086C3F1750E1}.Release|x86.Build.0 = Release|Win32
	EndGlobalSection
	GlobalSection(SolutionProperties) = preSolution
		HideSolutionNode = FALSE
	EndGlobalSection
	GlobalSection(ExtensibilityGlobals) = postSolution
		SolutionGuid = {41FFDDE5-4620-4AFA-BD8D-9747E3B1FF52}
	EndGlobalSection
EndGlobal
